// !$*UTF8*$!
{
	archiveVersion = 1;
	classes = {
	};
	objectVersion = 50;
	objects = {

/* Begin PBXBuildFile section */
		5874162226563E83003A3880 /* StartButtonView.swift in Sources */ = {isa = PBXBuildFile; fileRef = 5874162126563E83003A3880 /* StartButtonView.swift */; };
		5874162326563E83003A3880 /* StartButtonView.swift in Sources */ = {isa = PBXBuildFile; fileRef = 5874162126563E83003A3880 /* StartButtonView.swift */; };
		714C70EE2656336600989406 /* Tests_iOS.swift in Sources */ = {isa = PBXBuildFile; fileRef = 714C70ED2656336600989406 /* Tests_iOS.swift */; };
		714C70F92656336600989406 /* Tests_macOS.swift in Sources */ = {isa = PBXBuildFile; fileRef = 714C70F82656336600989406 /* Tests_macOS.swift */; };
		714C70FD2656336600989406 /* ContentView.swift in Sources */ = {isa = PBXBuildFile; fileRef = 714C70D32656336500989406 /* ContentView.swift */; };
		714C70FE2656336600989406 /* ContentView.swift in Sources */ = {isa = PBXBuildFile; fileRef = 714C70D32656336500989406 /* ContentView.swift */; };
		714C70FF2656336600989406 /* Assets.xcassets in Resources */ = {isa = PBXBuildFile; fileRef = 714C70D42656336600989406 /* Assets.xcassets */; };
		714C71002656336600989406 /* Assets.xcassets in Resources */ = {isa = PBXBuildFile; fileRef = 714C70D42656336600989406 /* Assets.xcassets */; };
		714C711D2656353900989406 /* FoodsModel.swift in Sources */ = {isa = PBXBuildFile; fileRef = 714C711C2656353900989406 /* FoodsModel.swift */; };
		714C711E2656353900989406 /* FoodsModel.swift in Sources */ = {isa = PBXBuildFile; fileRef = 714C711C2656353900989406 /* FoodsModel.swift */; };
		714C7121265635A800989406 /* FoodCardView.swift in Sources */ = {isa = PBXBuildFile; fileRef = 714C7120265635A800989406 /* FoodCardView.swift */; };
		714C7122265635A800989406 /* FoodCardView.swift in Sources */ = {isa = PBXBuildFile; fileRef = 714C7120265635A800989406 /* FoodCardView.swift */; };
		714C7125265635E300989406 /* FoodsData.swift in Sources */ = {isa = PBXBuildFile; fileRef = 714C7124265635E300989406 /* FoodsData.swift */; };
		714C7126265635E300989406 /* FoodsData.swift in Sources */ = {isa = PBXBuildFile; fileRef = 714C7124265635E300989406 /* FoodsData.swift */; };
		714C712F265637C700989406 /* OnboardingView.swift in Sources */ = {isa = PBXBuildFile; fileRef = 714C712E265637C700989406 /* OnboardingView.swift */; };
		714C7130265637C700989406 /* OnboardingView.swift in Sources */ = {isa = PBXBuildFile; fileRef = 714C712E265637C700989406 /* OnboardingView.swift */; };
		714C7132265638B400989406 /* FoodApp.swift in Sources */ = {isa = PBXBuildFile; fileRef = 714C7131265638B400989406 /* FoodApp.swift */; };
		714C7133265638B400989406 /* FoodApp.swift in Sources */ = {isa = PBXBuildFile; fileRef = 714C7131265638B400989406 /* FoodApp.swift */; };
/* End PBXBuildFile section */

/* Begin PBXContainerItemProxy section */
		714C70EA2656336600989406 /* PBXContainerItemProxy */ = {
			isa = PBXContainerItemProxy;
			containerPortal = 714C70CD2656336500989406 /* Project object */;
			proxyType = 1;
			remoteGlobalIDString = 714C70D82656336600989406;
			remoteInfo = "Recipes (iOS)";
		};
		714C70F52656336600989406 /* PBXContainerItemProxy */ = {
			isa = PBXContainerItemProxy;
			containerPortal = 714C70CD2656336500989406 /* Project object */;
			proxyType = 1;
			remoteGlobalIDString = 714C70E02656336600989406;
			remoteInfo = "Recipes (macOS)";
		};
/* End PBXContainerItemProxy section */

/* Begin PBXFileReference section */
		5874162126563E83003A3880 /* StartButtonView.swift */ = {isa = PBXFileReference; lastKnownFileType = sourcecode.swift; path = StartButtonView.swift; sourceTree = "<group>"; };
		714C70D32656336500989406 /* ContentView.swift */ = {isa = PBXFileReference; lastKnownFileType = sourcecode.swift; path = ContentView.swift; sourceTree = "<group>"; };
		714C70D42656336600989406 /* Assets.xcassets */ = {isa = PBXFileReference; lastKnownFileType = folder.assetcatalog; path = Assets.xcassets; sourceTree = "<group>"; };
		714C70D92656336600989406 /* Recipes.app */ = {isa = PBXFileReference; explicitFileType = wrapper.application; includeInIndex = 0; path = Recipes.app; sourceTree = BUILT_PRODUCTS_DIR; };
		714C70DC2656336600989406 /* Info.plist */ = {isa = PBXFileReference; lastKnownFileType = text.plist.xml; path = Info.plist; sourceTree = "<group>"; };
		714C70E12656336600989406 /* Recipes.app */ = {isa = PBXFileReference; explicitFileType = wrapper.application; includeInIndex = 0; path = Recipes.app; sourceTree = BUILT_PRODUCTS_DIR; };
		714C70E32656336600989406 /* Info.plist */ = {isa = PBXFileReference; lastKnownFileType = text.plist.xml; path = Info.plist; sourceTree = "<group>"; };
		714C70E42656336600989406 /* macOS.entitlements */ = {isa = PBXFileReference; lastKnownFileType = text.plist.entitlements; path = macOS.entitlements; sourceTree = "<group>"; };
		714C70E92656336600989406 /* Tests iOS.xctest */ = {isa = PBXFileReference; explicitFileType = wrapper.cfbundle; includeInIndex = 0; path = "Tests iOS.xctest"; sourceTree = BUILT_PRODUCTS_DIR; };
		714C70ED2656336600989406 /* Tests_iOS.swift */ = {isa = PBXFileReference; lastKnownFileType = sourcecode.swift; path = Tests_iOS.swift; sourceTree = "<group>"; };
		714C70EF2656336600989406 /* Info.plist */ = {isa = PBXFileReference; lastKnownFileType = text.plist.xml; path = Info.plist; sourceTree = "<group>"; };
		714C70F42656336600989406 /* Tests macOS.xctest */ = {isa = PBXFileReference; explicitFileType = wrapper.cfbundle; includeInIndex = 0; path = "Tests macOS.xctest"; sourceTree = BUILT_PRODUCTS_DIR; };
		714C70F82656336600989406 /* Tests_macOS.swift */ = {isa = PBXFileReference; lastKnownFileType = sourcecode.swift; path = Tests_macOS.swift; sourceTree = "<group>"; };
		714C70FA2656336600989406 /* Info.plist */ = {isa = PBXFileReference; lastKnownFileType = text.plist.xml; path = Info.plist; sourceTree = "<group>"; };
		714C711C2656353900989406 /* FoodsModel.swift */ = {isa = PBXFileReference; lastKnownFileType = sourcecode.swift; path = FoodsModel.swift; sourceTree = "<group>"; };
		714C7120265635A800989406 /* FoodCardView.swift */ = {isa = PBXFileReference; lastKnownFileType = sourcecode.swift; path = FoodCardView.swift; sourceTree = "<group>"; };
		714C7124265635E300989406 /* FoodsData.swift */ = {isa = PBXFileReference; lastKnownFileType = sourcecode.swift; path = FoodsData.swift; sourceTree = "<group>"; };
		714C712E265637C700989406 /* OnboardingView.swift */ = {isa = PBXFileReference; lastKnownFileType = sourcecode.swift; path = OnboardingView.swift; sourceTree = "<group>"; };
		714C7131265638B400989406 /* FoodApp.swift */ = {isa = PBXFileReference; lastKnownFileType = sourcecode.swift; path = FoodApp.swift; sourceTree = "<group>"; };
/* End PBXFileReference section */

/* Begin PBXFrameworksBuildPhase section */
		714C70D62656336600989406 /* Frameworks */ = {
			isa = PBXFrameworksBuildPhase;
			buildActionMask = 2147483647;
			files = (
			);
			runOnlyForDeploymentPostprocessing = 0;
		};
		714C70DE2656336600989406 /* Frameworks */ = {
			isa = PBXFrameworksBuildPhase;
			buildActionMask = 2147483647;
			files = (
			);
			runOnlyForDeploymentPostprocessing = 0;
		};
		714C70E62656336600989406 /* Frameworks */ = {
			isa = PBXFrameworksBuildPhase;
			buildActionMask = 2147483647;
			files = (
			);
			runOnlyForDeploymentPostprocessing = 0;
		};
		714C70F12656336600989406 /* Frameworks */ = {
			isa = PBXFrameworksBuildPhase;
			buildActionMask = 2147483647;
			files = (
			);
			runOnlyForDeploymentPostprocessing = 0;
		};
/* End PBXFrameworksBuildPhase section */

/* Begin PBXGroup section */
		714C70CC2656336500989406 = {
			isa = PBXGroup;
			children = (
				714C70D12656336500989406 /* Shared */,
				714C70DB2656336600989406 /* iOS */,
				714C70E22656336600989406 /* macOS */,
				714C70EC2656336600989406 /* Tests iOS */,
				714C70F72656336600989406 /* Tests macOS */,
				714C70DA2656336600989406 /* Products */,
			);
			sourceTree = "<group>";
		};
		714C70D12656336500989406 /* Shared */ = {
			isa = PBXGroup;
			children = (
				714C7123265635BC00989406 /* Data */,
				714C711B2656351C00989406 /* Model */,
				714C711F2656354200989406 /* View */,
				714C71272656363200989406 /* App */,
				714C70D42656336600989406 /* Assets.xcassets */,
			);
			path = Shared;
			sourceTree = "<group>";
		};
		714C70DA2656336600989406 /* Products */ = {
			isa = PBXGroup;
			children = (
				714C70D92656336600989406 /* Recipes.app */,
				714C70E12656336600989406 /* Recipes.app */,
				714C70E92656336600989406 /* Tests iOS.xctest */,
				714C70F42656336600989406 /* Tests macOS.xctest */,
			);
			name = Products;
			sourceTree = "<group>";
		};
		714C70DB2656336600989406 /* iOS */ = {
			isa = PBXGroup;
			children = (
				714C70DC2656336600989406 /* Info.plist */,
			);
			path = iOS;
			sourceTree = "<group>";
		};
		714C70E22656336600989406 /* macOS */ = {
			isa = PBXGroup;
			children = (
				714C70E32656336600989406 /* Info.plist */,
				714C70E42656336600989406 /* macOS.entitlements */,
			);
			path = macOS;
			sourceTree = "<group>";
		};
		714C70EC2656336600989406 /* Tests iOS */ = {
			isa = PBXGroup;
			children = (
				714C70ED2656336600989406 /* Tests_iOS.swift */,
				714C70EF2656336600989406 /* Info.plist */,
			);
			path = "Tests iOS";
			sourceTree = "<group>";
		};
		714C70F72656336600989406 /* Tests macOS */ = {
			isa = PBXGroup;
			children = (
				714C70F82656336600989406 /* Tests_macOS.swift */,
				714C70FA2656336600989406 /* Info.plist */,
			);
			path = "Tests macOS";
			sourceTree = "<group>";
		};
		714C711B2656351C00989406 /* Model */ = {
			isa = PBXGroup;
			children = (
				714C711C2656353900989406 /* FoodsModel.swift */,
			);
			path = Model;
			sourceTree = "<group>";
		};
		714C711F2656354200989406 /* View */ = {
			isa = PBXGroup;
			children = (
				714C7120265635A800989406 /* FoodCardView.swift */,
				5874162126563E83003A3880 /* StartButtonView.swift */,
			);
			path = View;
			sourceTree = "<group>";
		};
		714C7123265635BC00989406 /* Data */ = {
			isa = PBXGroup;
			children = (
				714C7124265635E300989406 /* FoodsData.swift */,
			);
			path = Data;
			sourceTree = "<group>";
		};
		714C71272656363200989406 /* App */ = {
			isa = PBXGroup;
			children = (
				714C70D32656336500989406 /* ContentView.swift */,
				714C712E265637C700989406 /* OnboardingView.swift */,
				714C7131265638B400989406 /* FoodApp.swift */,
			);
			path = App;
			sourceTree = "<group>";
		};
/* End PBXGroup section */

/* Begin PBXNativeTarget section */
		714C70D82656336600989406 /* Recipes (iOS) */ = {
			isa = PBXNativeTarget;
			buildConfigurationList = 714C71032656336600989406 /* Build configuration list for PBXNativeTarget "Recipes (iOS)" */;
			buildPhases = (
				714C70D52656336600989406 /* Sources */,
				714C70D62656336600989406 /* Frameworks */,
				714C70D72656336600989406 /* Resources */,
			);
			buildRules = (
			);
			dependencies = (
			);
			name = "Recipes (iOS)";
			productName = "Recipes (iOS)";
			productReference = 714C70D92656336600989406 /* Recipes.app */;
			productType = "com.apple.product-type.application";
		};
		714C70E02656336600989406 /* Recipes (macOS) */ = {
			isa = PBXNativeTarget;
			buildConfigurationList = 714C71062656336600989406 /* Build configuration list for PBXNativeTarget "Recipes (macOS)" */;
			buildPhases = (
				714C70DD2656336600989406 /* Sources */,
				714C70DE2656336600989406 /* Frameworks */,
				714C70DF2656336600989406 /* Resources */,
			);
			buildRules = (
			);
			dependencies = (
			);
			name = "Recipes (macOS)";
			productName = "Recipes (macOS)";
			productReference = 714C70E12656336600989406 /* Recipes.app */;
			productType = "com.apple.product-type.application";
		};
		714C70E82656336600989406 /* Tests iOS */ = {
			isa = PBXNativeTarget;
			buildConfigurationList = 714C71092656336600989406 /* Build configuration list for PBXNativeTarget "Tests iOS" */;
			buildPhases = (
				714C70E52656336600989406 /* Sources */,
				714C70E62656336600989406 /* Frameworks */,
				714C70E72656336600989406 /* Resources */,
			);
			buildRules = (
			);
			dependencies = (
				714C70EB2656336600989406 /* PBXTargetDependency */,
			);
			name = "Tests iOS";
			productName = "Tests iOS";
			productReference = 714C70E92656336600989406 /* Tests iOS.xctest */;
			productType = "com.apple.product-type.bundle.ui-testing";
		};
		714C70F32656336600989406 /* Tests macOS */ = {
			isa = PBXNativeTarget;
			buildConfigurationList = 714C710C2656336600989406 /* Build configuration list for PBXNativeTarget "Tests macOS" */;
			buildPhases = (
				714C70F02656336600989406 /* Sources */,
				714C70F12656336600989406 /* Frameworks */,
				714C70F22656336600989406 /* Resources */,
			);
			buildRules = (
			);
			dependencies = (
				714C70F62656336600989406 /* PBXTargetDependency */,
			);
			name = "Tests macOS";
			productName = "Tests macOS";
			productReference = 714C70F42656336600989406 /* Tests macOS.xctest */;
			productType = "com.apple.product-type.bundle.ui-testing";
		};
/* End PBXNativeTarget section */

/* Begin PBXProject section */
		714C70CD2656336500989406 /* Project object */ = {
			isa = PBXProject;
			attributes = {
				LastSwiftUpdateCheck = 1250;
				LastUpgradeCheck = 1250;
				TargetAttributes = {
					714C70D82656336600989406 = {
						CreatedOnToolsVersion = 12.5;
					};
					714C70E02656336600989406 = {
						CreatedOnToolsVersion = 12.5;
					};
					714C70E82656336600989406 = {
						CreatedOnToolsVersion = 12.5;
						TestTargetID = 714C70D82656336600989406;
					};
					714C70F32656336600989406 = {
						CreatedOnToolsVersion = 12.5;
						TestTargetID = 714C70E02656336600989406;
					};
				};
			};
			buildConfigurationList = 714C70D02656336500989406 /* Build configuration list for PBXProject "Recipes" */;
			compatibilityVersion = "Xcode 9.3";
			developmentRegion = en;
			hasScannedForEncodings = 0;
			knownRegions = (
				en,
				Base,
			);
			mainGroup = 714C70CC2656336500989406;
			productRefGroup = 714C70DA2656336600989406 /* Products */;
			projectDirPath = "";
			projectRoot = "";
			targets = (
				714C70D82656336600989406 /* Recipes (iOS) */,
				714C70E02656336600989406 /* Recipes (macOS) */,
				714C70E82656336600989406 /* Tests iOS */,
				714C70F32656336600989406 /* Tests macOS */,
			);
		};
/* End PBXProject section */

/* Begin PBXResourcesBuildPhase section */
		714C70D72656336600989406 /* Resources */ = {
			isa = PBXResourcesBuildPhase;
			buildActionMask = 2147483647;
			files = (
				714C70FF2656336600989406 /* Assets.xcassets in Resources */,
			);
			runOnlyForDeploymentPostprocessing = 0;
		};
		714C70DF2656336600989406 /* Resources */ = {
			isa = PBXResourcesBuildPhase;
			buildActionMask = 2147483647;
			files = (
				714C71002656336600989406 /* Assets.xcassets in Resources */,
			);
			runOnlyForDeploymentPostprocessing = 0;
		};
		714C70E72656336600989406 /* Resources */ = {
			isa = PBXResourcesBuildPhase;
			buildActionMask = 2147483647;
			files = (
			);
			runOnlyForDeploymentPostprocessing = 0;
		};
		714C70F22656336600989406 /* Resources */ = {
			isa = PBXResourcesBuildPhase;
			buildActionMask = 2147483647;
			files = (
			);
			runOnlyForDeploymentPostprocessing = 0;
		};
/* End PBXResourcesBuildPhase section */

/* Begin PBXSourcesBuildPhase section */
		714C70D52656336600989406 /* Sources */ = {
			isa = PBXSourcesBuildPhase;
			buildActionMask = 2147483647;
			files = (
				5874162226563E83003A3880 /* StartButtonView.swift in Sources */,
				714C711D2656353900989406 /* FoodsModel.swift in Sources */,
				714C7132265638B400989406 /* FoodApp.swift in Sources */,
				714C70FD2656336600989406 /* ContentView.swift in Sources */,
				714C7121265635A800989406 /* FoodCardView.swift in Sources */,
				714C712F265637C700989406 /* OnboardingView.swift in Sources */,
				714C7125265635E300989406 /* FoodsData.swift in Sources */,
			);
			runOnlyForDeploymentPostprocessing = 0;
		};
		714C70DD2656336600989406 /* Sources */ = {
			isa = PBXSourcesBuildPhase;
			buildActionMask = 2147483647;
			files = (
				5874162326563E83003A3880 /* StartButtonView.swift in Sources */,
				714C711E2656353900989406 /* FoodsModel.swift in Sources */,
				714C7133265638B400989406 /* FoodApp.swift in Sources */,
				714C70FE2656336600989406 /* ContentView.swift in Sources */,
				714C7122265635A800989406 /* FoodCardView.swift in Sources */,
				714C7130265637C700989406 /* OnboardingView.swift in Sources */,
				714C7126265635E300989406 /* FoodsData.swift in Sources */,
			);
			runOnlyForDeploymentPostprocessing = 0;
		};
		714C70E52656336600989406 /* Sources */ = {
			isa = PBXSourcesBuildPhase;
			buildActionMask = 2147483647;
			files = (
				714C70EE2656336600989406 /* Tests_iOS.swift in Sources */,
			);
			runOnlyForDeploymentPostprocessing = 0;
		};
		714C70F02656336600989406 /* Sources */ = {
			isa = PBXSourcesBuildPhase;
			buildActionMask = 2147483647;
			files = (
				714C70F92656336600989406 /* Tests_macOS.swift in Sources */,
			);
			runOnlyForDeploymentPostprocessing = 0;
		};
/* End PBXSourcesBuildPhase section */

/* Begin PBXTargetDependency section */
		714C70EB2656336600989406 /* PBXTargetDependency */ = {
			isa = PBXTargetDependency;
			target = 714C70D82656336600989406 /* Recipes (iOS) */;
			targetProxy = 714C70EA2656336600989406 /* PBXContainerItemProxy */;
		};
		714C70F62656336600989406 /* PBXTargetDependency */ = {
			isa = PBXTargetDependency;
			target = 714C70E02656336600989406 /* Recipes (macOS) */;
			targetProxy = 714C70F52656336600989406 /* PBXContainerItemProxy */;
		};
/* End PBXTargetDependency section */

/* Begin XCBuildConfiguration section */
		714C71012656336600989406 /* Debug */ = {
			isa = XCBuildConfiguration;
			buildSettings = {
				ALWAYS_SEARCH_USER_PATHS = NO;
				CLANG_ANALYZER_NONNULL = YES;
				CLANG_ANALYZER_NUMBER_OBJECT_CONVERSION = YES_AGGRESSIVE;
				CLANG_CXX_LANGUAGE_STANDARD = "gnu++14";
				CLANG_CXX_LIBRARY = "libc++";
				CLANG_ENABLE_MODULES = YES;
				CLANG_ENABLE_OBJC_ARC = YES;
				CLANG_ENABLE_OBJC_WEAK = YES;
				CLANG_WARN_BLOCK_CAPTURE_AUTORELEASING = YES;
				CLANG_WARN_BOOL_CONVERSION = YES;
				CLANG_WARN_COMMA = YES;
				CLANG_WARN_CONSTANT_CONVERSION = YES;
				CLANG_WARN_DEPRECATED_OBJC_IMPLEMENTATIONS = YES;
				CLANG_WARN_DIRECT_OBJC_ISA_USAGE = YES_ERROR;
				CLANG_WARN_DOCUMENTATION_COMMENTS = YES;
				CLANG_WARN_EMPTY_BODY = YES;
				CLANG_WARN_ENUM_CONVERSION = YES;
				CLANG_WARN_INFINITE_RECURSION = YES;
				CLANG_WARN_INT_CONVERSION = YES;
				CLANG_WARN_NON_LITERAL_NULL_CONVERSION = YES;
				CLANG_WARN_OBJC_IMPLICIT_RETAIN_SELF = YES;
				CLANG_WARN_OBJC_LITERAL_CONVERSION = YES;
				CLANG_WARN_OBJC_ROOT_CLASS = YES_ERROR;
				CLANG_WARN_QUOTED_INCLUDE_IN_FRAMEWORK_HEADER = YES;
				CLANG_WARN_RANGE_LOOP_ANALYSIS = YES;
				CLANG_WARN_STRICT_PROTOTYPES = YES;
				CLANG_WARN_SUSPICIOUS_MOVE = YES;
				CLANG_WARN_UNGUARDED_AVAILABILITY = YES_AGGRESSIVE;
				CLANG_WARN_UNREACHABLE_CODE = YES;
				CLANG_WARN__DUPLICATE_METHOD_MATCH = YES;
				COPY_PHASE_STRIP = NO;
				DEBUG_INFORMATION_FORMAT = dwarf;
				ENABLE_STRICT_OBJC_MSGSEND = YES;
				ENABLE_TESTABILITY = YES;
				GCC_C_LANGUAGE_STANDARD = gnu11;
				GCC_DYNAMIC_NO_PIC = NO;
				GCC_NO_COMMON_BLOCKS = YES;
				GCC_OPTIMIZATION_LEVEL = 0;
				GCC_PREPROCESSOR_DEFINITIONS = (
					"DEBUG=1",
					"$(inherited)",
				);
				GCC_WARN_64_TO_32_BIT_CONVERSION = YES;
				GCC_WARN_ABOUT_RETURN_TYPE = YES_ERROR;
				GCC_WARN_UNDECLARED_SELECTOR = YES;
				GCC_WARN_UNINITIALIZED_AUTOS = YES_AGGRESSIVE;
				GCC_WARN_UNUSED_FUNCTION = YES;
				GCC_WARN_UNUSED_VARIABLE = YES;
				MTL_ENABLE_DEBUG_INFO = INCLUDE_SOURCE;
				MTL_FAST_MATH = YES;
				ONLY_ACTIVE_ARCH = YES;
				SWIFT_ACTIVE_COMPILATION_CONDITIONS = DEBUG;
				SWIFT_OPTIMIZATION_LEVEL = "-Onone";
			};
			name = Debug;
		};
		714C71022656336600989406 /* Release */ = {
			isa = XCBuildConfiguration;
			buildSettings = {
				ALWAYS_SEARCH_USER_PATHS = NO;
				CLANG_ANALYZER_NONNULL = YES;
				CLANG_ANALYZER_NUMBER_OBJECT_CONVERSION = YES_AGGRESSIVE;
				CLANG_CXX_LANGUAGE_STANDARD = "gnu++14";
				CLANG_CXX_LIBRARY = "libc++";
				CLANG_ENABLE_MODULES = YES;
				CLANG_ENABLE_OBJC_ARC = YES;
				CLANG_ENABLE_OBJC_WEAK = YES;
				CLANG_WARN_BLOCK_CAPTURE_AUTORELEASING = YES;
				CLANG_WARN_BOOL_CONVERSION = YES;
				CLANG_WARN_COMMA = YES;
				CLANG_WARN_CONSTANT_CONVERSION = YES;
				CLANG_WARN_DEPRECATED_OBJC_IMPLEMENTATIONS = YES;
				CLANG_WARN_DIRECT_OBJC_ISA_USAGE = YES_ERROR;
				CLANG_WARN_DOCUMENTATION_COMMENTS = YES;
				CLANG_WARN_EMPTY_BODY = YES;
				CLANG_WARN_ENUM_CONVERSION = YES;
				CLANG_WARN_INFINITE_RECURSION = YES;
				CLANG_WARN_INT_CONVERSION = YES;
				CLANG_WARN_NON_LITERAL_NULL_CONVERSION = YES;
				CLANG_WARN_OBJC_IMPLICIT_RETAIN_SELF = YES;
				CLANG_WARN_OBJC_LITERAL_CONVERSION = YES;
				CLANG_WARN_OBJC_ROOT_CLASS = YES_ERROR;
				CLANG_WARN_QUOTED_INCLUDE_IN_FRAMEWORK_HEADER = YES;
				CLANG_WARN_RANGE_LOOP_ANALYSIS = YES;
				CLANG_WARN_STRICT_PROTOTYPES = YES;
				CLANG_WARN_SUSPICIOUS_MOVE = YES;
				CLANG_WARN_UNGUARDED_AVAILABILITY = YES_AGGRESSIVE;
				CLANG_WARN_UNREACHABLE_CODE = YES;
				CLANG_WARN__DUPLICATE_METHOD_MATCH = YES;
				COPY_PHASE_STRIP = NO;
				DEBUG_INFORMATION_FORMAT = "dwarf-with-dsym";
				ENABLE_NS_ASSERTIONS = NO;
				ENABLE_STRICT_OBJC_MSGSEND = YES;
				GCC_C_LANGUAGE_STANDARD = gnu11;
				GCC_NO_COMMON_BLOCKS = YES;
				GCC_WARN_64_TO_32_BIT_CONVERSION = YES;
				GCC_WARN_ABOUT_RETURN_TYPE = YES_ERROR;
				GCC_WARN_UNDECLARED_SELECTOR = YES;
				GCC_WARN_UNINITIALIZED_AUTOS = YES_AGGRESSIVE;
				GCC_WARN_UNUSED_FUNCTION = YES;
				GCC_WARN_UNUSED_VARIABLE = YES;
				MTL_ENABLE_DEBUG_INFO = NO;
				MTL_FAST_MATH = YES;
				SWIFT_COMPILATION_MODE = wholemodule;
				SWIFT_OPTIMIZATION_LEVEL = "-O";
			};
			name = Release;
		};
		714C71042656336600989406 /* Debug */ = {
			isa = XCBuildConfiguration;
			buildSettings = {
				ASSETCATALOG_COMPILER_APPICON_NAME = AppIcon;
				ASSETCATALOG_COMPILER_GLOBAL_ACCENT_COLOR_NAME = AccentColor;
				CODE_SIGN_STYLE = Automatic;
				DEVELOPMENT_TEAM = 82DXKYN2F6;
				ENABLE_PREVIEWS = YES;
				INFOPLIST_FILE = iOS/Info.plist;
				IPHONEOS_DEPLOYMENT_TARGET = 14.0;
				LD_RUNPATH_SEARCH_PATHS = (
					"$(inherited)",
					"@executable_path/Frameworks",
				);
				PRODUCT_BUNDLE_IDENTIFIER = com.patelhetansh.Recipes;
				PRODUCT_NAME = Recipes;
				SDKROOT = iphoneos;
				SWIFT_VERSION = 5.0;
				TARGETED_DEVICE_FAMILY = "1,2";
			};
			name = Debug;
		};
		714C71052656336600989406 /* Release */ = {
			isa = XCBuildConfiguration;
			buildSettings = {
				ASSETCATALOG_COMPILER_APPICON_NAME = AppIcon;
				ASSETCATALOG_COMPILER_GLOBAL_ACCENT_COLOR_NAME = AccentColor;
				CODE_SIGN_STYLE = Automatic;
				DEVELOPMENT_TEAM = 82DXKYN2F6;
				ENABLE_PREVIEWS = YES;
				INFOPLIST_FILE = iOS/Info.plist;
				IPHONEOS_DEPLOYMENT_TARGET = 14.0;
				LD_RUNPATH_SEARCH_PATHS = (
					"$(inherited)",
					"@executable_path/Frameworks",
				);
				PRODUCT_BUNDLE_IDENTIFIER = com.patelhetansh.Recipes;
				PRODUCT_NAME = Recipes;
				SDKROOT = iphoneos;
				SWIFT_VERSION = 5.0;
				TARGETED_DEVICE_FAMILY = "1,2";
				VALIDATE_PRODUCT = YES;
			};
			name = Release;
		};
		714C71072656336600989406 /* Debug */ = {
			isa = XCBuildConfiguration;
			buildSettings = {
				ASSETCATALOG_COMPILER_APPICON_NAME = AppIcon;
				ASSETCATALOG_COMPILER_GLOBAL_ACCENT_COLOR_NAME = AccentColor;
				CODE_SIGN_ENTITLEMENTS = macOS/macOS.entitlements;
				CODE_SIGN_STYLE = Automatic;
				COMBINE_HIDPI_IMAGES = YES;
				DEVELOPMENT_TEAM = 82DXKYN2F6;
				ENABLE_HARDENED_RUNTIME = YES;
				ENABLE_PREVIEWS = YES;
				INFOPLIST_FILE = macOS/Info.plist;
				LD_RUNPATH_SEARCH_PATHS = (
					"$(inherited)",
					"@executable_path/../Frameworks",
				);
				MACOSX_DEPLOYMENT_TARGET = 11.0;
				PRODUCT_BUNDLE_IDENTIFIER = com.patelhetansh.Recipes;
				PRODUCT_NAME = Recipes;
				SDKROOT = macosx;
				SWIFT_VERSION = 5.0;
			};
			name = Debug;
		};
		714C71082656336600989406 /* Release */ = {
			isa = XCBuildConfiguration;
			buildSettings = {
				ASSETCATALOG_COMPILER_APPICON_NAME = AppIcon;
				ASSETCATALOG_COMPILER_GLOBAL_ACCENT_COLOR_NAME = AccentColor;
				CODE_SIGN_ENTITLEMENTS = macOS/macOS.entitlements;
				CODE_SIGN_STYLE = Automatic;
				COMBINE_HIDPI_IMAGES = YES;
				DEVELOPMENT_TEAM = 82DXKYN2F6;
				ENABLE_HARDENED_RUNTIME = YES;
				ENABLE_PREVIEWS = YES;
				INFOPLIST_FILE = macOS/Info.plist;
				LD_RUNPATH_SEARCH_PATHS = (
					"$(inherited)",
					"@executable_path/../Frameworks",
				);
				MACOSX_DEPLOYMENT_TARGET = 11.0;
				PRODUCT_BUNDLE_IDENTIFIER = com.patelhetansh.Recipes;
				PRODUCT_NAME = Recipes;
				SDKROOT = macosx;
				SWIFT_VERSION = 5.0;
			};
			name = Release;
		};
		714C710A2656336600989406 /* Debug */ = {
			isa = XCBuildConfiguration;
			buildSettings = {
				ALWAYS_EMBED_SWIFT_STANDARD_LIBRARIES = YES;
				CODE_SIGN_STYLE = Automatic;
				DEVELOPMENT_TEAM = 82DXKYN2F6;
				INFOPLIST_FILE = "Tests iOS/Info.plist";
				IPHONEOS_DEPLOYMENT_TARGET = 14.5;
				LD_RUNPATH_SEARCH_PATHS = (
					"$(inherited)",
					"@executable_path/Frameworks",
					"@loader_path/Frameworks",
				);
				PRODUCT_BUNDLE_IDENTIFIER = "com.patelhetansh.Tests-iOS";
				PRODUCT_NAME = "$(TARGET_NAME)";
				SDKROOT = iphoneos;
				SWIFT_VERSION = 5.0;
				TARGETED_DEVICE_FAMILY = "1,2";
				TEST_TARGET_NAME = "Recipes (iOS)";
			};
			name = Debug;
		};
		714C710B2656336600989406 /* Release */ = {
			isa = XCBuildConfiguration;
			buildSettings = {
				ALWAYS_EMBED_SWIFT_STANDARD_LIBRARIES = YES;
				CODE_SIGN_STYLE = Automatic;
				DEVELOPMENT_TEAM = 82DXKYN2F6;
				INFOPLIST_FILE = "Tests iOS/Info.plist";
				IPHONEOS_DEPLOYMENT_TARGET = 14.5;
				LD_RUNPATH_SEARCH_PATHS = (
					"$(inherited)",
					"@executable_path/Frameworks",
					"@loader_path/Frameworks",
				);
				PRODUCT_BUNDLE_IDENTIFIER = "com.patelhetansh.Tests-iOS";
				PRODUCT_NAME = "$(TARGET_NAME)";
				SDKROOT = iphoneos;
				SWIFT_VERSION = 5.0;
				TARGETED_DEVICE_FAMILY = "1,2";
				TEST_TARGET_NAME = "Recipes (iOS)";
				VALIDATE_PRODUCT = YES;
			};
			name = Release;
		};
		714C710D2656336600989406 /* Debug */ = {
			isa = XCBuildConfiguration;
			buildSettings = {
				ALWAYS_EMBED_SWIFT_STANDARD_LIBRARIES = YES;
				CODE_SIGN_STYLE = Automatic;
				COMBINE_HIDPI_IMAGES = YES;
				DEVELOPMENT_TEAM = 82DXKYN2F6;
				INFOPLIST_FILE = "Tests macOS/Info.plist";
				LD_RUNPATH_SEARCH_PATHS = (
					"$(inherited)",
					"@executable_path/../Frameworks",
					"@loader_path/../Frameworks",
				);
				MACOSX_DEPLOYMENT_TARGET = 11.2;
				PRODUCT_BUNDLE_IDENTIFIER = "com.patelhetansh.Tests-macOS";
				PRODUCT_NAME = "$(TARGET_NAME)";
				SDKROOT = macosx;
				SWIFT_VERSION = 5.0;
				TEST_TARGET_NAME = "Recipes (macOS)";
			};
			name = Debug;
		};
		714C710E2656336600989406 /* Release */ = {
			isa = XCBuildConfiguration;
			buildSettings = {
				ALWAYS_EMBED_SWIFT_STANDARD_LIBRARIES = YES;
				CODE_SIGN_STYLE = Automatic;
				COMBINE_HIDPI_IMAGES = YES;
				DEVELOPMENT_TEAM = 82DXKYN2F6;
				INFOPLIST_FILE = "Tests macOS/Info.plist";
				LD_RUNPATH_SEARCH_PATHS = (
					"$(inherited)",
					"@executable_path/../Frameworks",
					"@loader_path/../Frameworks",
				);
				MACOSX_DEPLOYMENT_TARGET = 11.2;
				PRODUCT_BUNDLE_IDENTIFIER = "com.patelhetansh.Tests-macOS";
				PRODUCT_NAME = "$(TARGET_NAME)";
				SDKROOT = macosx;
				SWIFT_VERSION = 5.0;
				TEST_TARGET_NAME = "Recipes (macOS)";
			};
			name = Release;
		};
/* End XCBuildConfiguration section */

/* Begin XCConfigurationList section */
		714C70D02656336500989406 /* Build configuration list for PBXProject "Recipes" */ = {
			isa = XCConfigurationList;
			buildConfigurations = (
				714C71012656336600989406 /* Debug */,
				714C71022656336600989406 /* Release */,
			);
			defaultConfigurationIsVisible = 0;
			defaultConfigurationName = Release;
		};
		714C71032656336600989406 /* Build configuration list for PBXNativeTarget "Recipes (iOS)" */ = {
			isa = XCConfigurationList;
			buildConfigurations = (
				714C71042656336600989406 /* Debug */,
				714C71052656336600989406 /* Release */,
			);
			defaultConfigurationIsVisible = 0;
			defaultConfigurationName = Release;
		};
		714C71062656336600989406 /* Build configuration list for PBXNativeTarget "Recipes (macOS)" */ = {
			isa = XCConfigurationList;
			buildConfigurations = (
				714C71072656336600989406 /* Debug */,
				714C71082656336600989406 /* Release */,
			);
			defaultConfigurationIsVisible = 0;
			defaultConfigurationName = Release;
		};
		714C71092656336600989406 /* Build configuration list for PBXNativeTarget "Tests iOS" */ = {
			isa = XCConfigurationList;
			buildConfigurations = (
				714C710A2656336600989406 /* Debug */,
				714C710B2656336600989406 /* Release */,
			);
			defaultConfigurationIsVisible = 0;
			defaultConfigurationName = Release;
		};
		714C710C2656336600989406 /* Build configuration list for PBXNativeTarget "Tests macOS" */ = {
			isa = XCConfigurationList;
			buildConfigurations = (
				714C710D2656336600989406 /* Debug */,
				714C710E2656336600989406 /* Release */,
			);
			defaultConfigurationIsVisible = 0;
			defaultConfigurationName = Release;
		};
/* End XCConfigurationList section */
	};
	rootObject = 714C70CD2656336500989406 /* Project object */;
}
